
Microsoft Visual Studio Solution File, Format Version 12.00
# Visual Studio 2013
VisualStudioVersion = 12.0.21005.1
MinimumVisualStudioVersion = 10.0.40219.1
Project("{FAE04EC0-301F-11D3-BF4B-00C04F79EFBC}") = "ProjectTrackingWebsite", "ProjectTrackingWebsite\ProjectTrackingWebsite.csproj", "{FEEA6F63-F203-4952-A7F3-E0837BF153B0}"
EndProject
Project("{FAE04EC0-301F-11D3-BF4B-00C04F79EFBC}") = "ProjectTrackingServices", "ProjectTrackingServices\ProjectTrackingServices.csproj", "{CD8776D1-6F92-44AA-9DF4-B3BD97E5FB26}"
EndProject
Global
	GlobalSection(SolutionConfigurationPlatforms) = preSolution
		Debug|Any CPU = Debug|Any CPU
		Release|Any CPU = Release|Any CPU
	EndGlobalSection
	GlobalSection(ProjectConfigurationPlatforms) = postSolution
		{FEEA6F63-F203-4952-A7F3-E0837BF153B0}.Debug|Any CPU.ActiveCfg = Debug|Any CPU
		{FEEA6F63-F203-4952-A7F3-E0837BF153B0}.Debug|Any CPU.Build.0 = Debug|Any CPU
		{FEEA6F63-F203-4952-A7F3-E0837BF153B0}.Release|Any CPU.ActiveCfg = Release|Any CPU
		{FEEA6F63-F203-4952-A7F3-E0837BF153B0}.Release|Any CPU.Build.0 = Release|Any CPU
		{CD8776D1-6F92-44AA-9DF4-B3BD97E5FB26}.Debug|Any CPU.ActiveCfg = Debug|Any CPU
		{CD8776D1-6F92-44AA-9DF4-B3BD97E5FB26}.Debug|Any CPU.Build.0 = Debug|Any CPU
		{CD8776D1-6F92-44AA-9DF4-B3BD97E5FB26}.Release|Any CPU.ActiveCfg = Release|Any CPU
		{CD8776D1-6F92-44AA-9DF4-B3BD97E5FB26}.Release|Any CPU.Build.0 = Release|Any CPU
	EndGlobalSection
	GlobalSection(SolutionProperties) = preSolution
		HideSolutionNode = FALSE
	EndGlobalSection
EndGlobal
